
Microsoft Visual Studio Solution File, Format Version 12.00
# Visual Studio Version 16
VisualStudioVersion = 16.0.29806.167
MinimumVisualStudioVersion = 10.0.40219.1
Project("{FAE04EC0-301F-11D3-BF4B-00C04F79EFBC}") = "App17", "App17.csproj", "{3458D05E-17B0-4B47-BF22-33B6F9ADA79C}"
EndProject
Global
	GlobalSection(SolutionConfigurationPlatforms) = preSolution
		Debug|Any CPU = Debug|Any CPU
		Release|Any CPU = Release|Any CPU
	EndGlobalSection
	GlobalSection(ProjectConfigurationPlatforms) = postSolution
		{3458D05E-17B0-4B47-BF22-33B6F9ADA79C}.Debug|Any CPU.ActiveCfg = Debug|Any CPU
		{3458D05E-17B0-4B47-BF22-33B6F9ADA79C}.Debug|Any CPU.Build.0 = Debug|Any CPU
		{3458D05E-17B0-4B47-BF22-33B6F9ADA79C}.Release|Any CPU.ActiveCfg = Release|Any CPU
		{3458D05E-17B0-4B47-BF22-33B6F9ADA79C}.Release|Any CPU.Build.0 = Release|Any CPU
	EndGlobalSection
	GlobalSection(SolutionProperties) = preSolution
		HideSolutionNode = FALSE
	EndGlobalSection
	GlobalSection(ExtensibilityGlobals) = postSolution
		SolutionGuid = {9DCB9B43-014D-4FEB-9D21-A2C8C9188166}
	EndGlobalSection
EndGlobal
